capabilities:
  design/frontend-design:
    provenance_digest: sha256:deaed39f016b0f6ccff737badabd1ef4d70e6fceb56b1da3da965cba295c1fea
    sources:
      upstream:
        path: skills/frontend-design
        repository: anthropics/skills
        requested:
          ref: 2235be7c60b551f5de82ade908fd3816455afcda
          type: commit
        resolved:
          body_checksum: sha256:0df36fd5b075c15a2948a233edfb5ada7ffe34309ada32b2fd6d248522a4e9a7
          commit: 2235be7c60b551f5de82ade908fd3816455afcda
          content_checksum: sha256:dbb4416cd94f48aed1cca88f657997abbe96627be1bbee41f1b4d071d0fa6cba
          license:
            checksum: sha256:0d542e0c8804e39aa7f37eb00da5a762149dc682d7829451287e11b938e94594
            source_path: skills/design/frontend-design/LICENSE.txt
            spdx: Apache-2.0
          resolved_at: '2026-08-31T06:40:21.151821Z'
          version: 2235be7
  design/frontend-design-review:
    provenance_digest: sha256:43d02aa54a0d86752b526a920d653bfd26e4c7803e2a7459f7ca3188dff0bdb2
    sources:
      upstream:
        path: .github/skills/frontend-design-review
        repository: microsoft/skills
        requested:
          ref: cbfd1b6652debe08f9d329d713b382a1a0db2e3e
          type: commit
        resolved:
          body_checksum: sha256:13029dfb9274aac92db5869c5977ff4923af1f213ab9571cd4f0b701829c1a78
          commit: cbfd1b6652debe08f9d329d713b382a1a0db2e3e
          content_checksum: sha256:483a82fdec2ee2af31091fedf83113ed5dddde8072f7a3cc2e824c8365fff8a1
          license:
            checksum: sha256:d9a1b1e30d633d5732ea18e3cba9538d293ebc53e1a9e4e96ab739e0c5c4f1cb
            source_path: skills/design/frontend-design-review/LICENSE
            spdx: MIT
          resolved_at: '2026-08-31T06:40:21.151821Z'
          version: cbfd1b6
  design/web-design-guidelines:
    provenance_digest: sha256:8e27939e81ef6ef5870a8c541488d898919451ddc65531ea839aa05eec660360
    sources:
      rules:
        path: command.md
        repository: vercel-labs/web-interface-guidelines
        requested:
          ref: e3d624baaf29dc1fc645aff3e38f03e564d2d6b1
          type: commit
        resolved:
          body_checksum: sha256:5a775e6411f790f518dbc9c1fa7c50a89e6873502d9a3530a6eb223a590bcfe8
          commit: e3d624baaf29dc1fc645aff3e38f03e564d2d6b1
          content_checksum: sha256:5a775e6411f790f518dbc9c1fa7c50a89e6873502d9a3530a6eb223a590bcfe8
          license:
            checksum: sha256:6cd1609c9c12233507cdd2ce0d32e9a721e3c27494951be06b90090deeeb7af2
            source_path: skills/design/web-design-guidelines/references/LICENSE
            spdx: MIT
          resolved_at: '2026-08-26T00:22:55.556053Z'
      wrapper:
        path: skills/web-design-guidelines
        repository: vercel-labs/agent-skills
        requested:
          ref: ba46938889d4e58635362fb8f618e1178ac3ec46
          type: commit
        resolved:
          body_checksum: sha256:17d7239c9233292386c96805dd2182708e594b0a6bec9c385fb201b3e5977b3f
          commit: ba46938889d4e58635362fb8f618e1178ac3ec46
          content_checksum: sha256:8140e9d7a7e703cb156f1cf99b5bf62d74d505671a3ed01114908b61b2a55c09
          license:
            spdx: NOASSERTION
          resolved_at: '2026-08-31T06:40:21.151821Z'
          version: ba46938
  integrations/confluence-admin:
    provenance_digest: sha256:59a5da559f8b62ba70bb4a616a2a683405f580032238a58f04962f08ed053a7e
    sources:
      upstream:
        path: skills/confluence-admin
        repository: grandcamel/Confluence-Assistant-Skills
        requested:
          ref: 796796686f22aa9e55da9fffa31a2863873d23f1
          type: commit
        resolved:
          body_checksum: sha256:d3ab250bf97bac007a6b684e47b0954a5899151a0c2b56699386b1ec825dd90a
          commit: 796796686f22aa9e55da9fffa31a2863873d23f1
          content_checksum: sha256:d0f12edbd37edd32ee36e65afa5fca601d914dcf704b64a09fd6feb0d35ab9ee
          license:
            checksum: sha256:6bf15666903fee51737d201dd1735a8edef0a49752c68c063a0505747a8f2f7a
            source_path: skills/integrations/confluence-admin/LICENSE
            spdx: MIT
          resolved_at: '2026-08-31T06:40:21.151821Z'
          version: '7967966'
  integrations/confluence-analytics:
    provenance_digest: sha256:5842cf6635a259e58b0fd8a2ee0832e0fc2ecd549a99b526ab7c1085947cebc6
    sources:
      upstream:
        path: skills/confluence-analytics
        repository: grandcamel/Confluence-Assistant-Skills
        requested:
          ref: 9cd07b2070b9aa0f4c6a15690306101727efe94a
          type: commit
        resolved:
          body_checksum: sha256:4f6f27c11a7aa6cac726f36417c7cedf0b07177e660258858f9489d4c96c1d92
          commit: 9cd07b2070b9aa0f4c6a15690306101727efe94a
          content_checksum: sha256:a2777e52139dab62f49162a595c1ebd91c23fa61fbcb4654645f26aee266d19c
          license:
            checksum: sha256:6bf15666903fee51737d201dd1735a8edef0a49752c68c063a0505747a8f2f7a
            source_path: skills/integrations/confluence-analytics/LICENSE
            spdx: MIT
          resolved_at: '2026-08-31T06:40:21.151821Z'
          version: 9cd07b2
  integrations/confluence-assistant:
    provenance_digest: sha256:4298ad79bda5bf070cc442d0a6b6505e88ed1e4f8c388feebca6087833cc95d6
    sources:
      upstream:
        path: skills/confluence-assistant
        repository: grandcamel/Confluence-Assistant-Skills
        requested:
          ref: d5e1ccacd1836b2b33b2507e83d56880bec8cc92
          type: commit
        resolved:
          body_checksum: sha256:5c13f9522635845a5188d4fca6715295005569d4a4471f0ff4216dd13bbd13ad
          commit: d5e1ccacd1836b2b33b2507e83d56880bec8cc92
          content_checksum: sha256:1e06663ed09a77179d211267dd5e1b361e0e7d0e294e12697f9113286b12e7bb
          license:
            checksum: sha256:6bf15666903fee51737d201dd1735a8edef0a49752c68c063a0505747a8f2f7a
            source_path: skills/integrations/confluence-assistant/LICENSE
            spdx: MIT
          resolved_at: '2026-08-31T06:40:21.151821Z'
          version: d5e1cca
  integrations/confluence-attachment:
    provenance_digest: sha256:1b8a7b0367745b707a7e54c23fc20792d229c4fdf01c74c9d07cd0a7a89236e0
    sources:
      upstream:
        path: skills/confluence-attachment
        repository: grandcamel/Confluence-Assistant-Skills
        requested:
          ref: 9cd07b2070b9aa0f4c6a15690306101727efe94a
          type: commit
        resolved:
          body_checksum: sha256:b540e704143b37fa106bc159d241540bdd6bddf896e72a61450da078bb7ec7ac
          commit: 9cd07b2070b9aa0f4c6a15690306101727efe94a
          content_checksum: sha256:bef7964cf62ca4d2b25b9ab8ed41a5d621fe9838cffd4aeec50d98875a4692bf
          license:
            checksum: sha256:6bf15666903fee51737d201dd1735a8edef0a49752c68c063a0505747a8f2f7a
            source_path: skills/integrations/confluence-attachment/LICENSE
            spdx: MIT
          resolved_at: '2026-08-31T06:40:21.151821Z'
          version: 9cd07b2
  integrations/confluence-bulk:
    provenance_digest: sha256:b5b2d238c206b10404b6a671658da109c0eb2efd76ba9b8c527df1f245745140
    sources:
      upstream:
        path: skills/confluence-bulk
        repository: grandcamel/Confluence-Assistant-Skills
        requested:
          ref: 9cd07b2070b9aa0f4c6a15690306101727efe94a
          type: commit
        resolved:
          body_checksum: sha256:464fd53fbbe899792afaf36d1107b596eb3b21f6492137f1229a0c36959de151
          commit: 9cd07b2070b9aa0f4c6a15690306101727efe94a
          content_checksum: sha256:108b387e181fdcb72775fc3b585409d7a701b8546ee1b06d44cfa048bda4a1bc
          license:
            checksum: sha256:6bf15666903fee51737d201dd1735a8edef0a49752c68c063a0505747a8f2f7a
            source_path: skills/integrations/confluence-bulk/LICENSE
            spdx: MIT
          resolved_at: '2026-08-31T06:40:21.151821Z'
          version: 9cd07b2
  integrations/confluence-comment:
    provenance_digest: sha256:a0fdc650b2bc2c11d7c2d109eed1e95641a0b6bd318296882245ae2dd6fc1c70
    sources:
      upstream:
        path: skills/confluence-comment
        repository: grandcamel/Confluence-Assistant-Skills
        requested:
          ref: 9cd07b2070b9aa0f4c6a15690306101727efe94a
          type: commit
        resolved:
          body_checksum: sha256:162c8d2bd63822082b688acd843cd1eed948c2abe42651b70f8738399201866a
          commit: 9cd07b2070b9aa0f4c6a15690306101727efe94a
          content_checksum: sha256:65bc1a158c924cf7c47147ffa068ac788e1959dcdef1d96248b13b685aaef21d
          license:
            checksum: sha256:6bf15666903fee51737d201dd1735a8edef0a49752c68c063a0505747a8f2f7a
            source_path: skills/integrations/confluence-comment/LICENSE
            spdx: MIT
          resolved_at: '2026-08-31T06:40:21.151821Z'
          version: 9cd07b2
  integrations/confluence-hierarchy:
    provenance_digest: sha256:c1411e0c510fe5a48e504f2351017030111384f779231857187684cf1026b525
    sources:
      upstream:
        path: skills/confluence-hierarchy
        repository: grandcamel/Confluence-Assistant-Skills
        requested:
          ref: 9cd07b2070b9aa0f4c6a15690306101727efe94a
          type: commit
        resolved:
          body_checksum: sha256:9d9233c7b09c4ae2d8dc5208e2e096b53ed9e77eaadaefb9f2455a2274a6f015
          commit: 9cd07b2070b9aa0f4c6a15690306101727efe94a
          content_checksum: sha256:348abaebdad1cec3050d75dced19797fff1f4d7afa330c3392fccd0223474764
          license:
            checksum: sha256:6bf15666903fee51737d201dd1735a8edef0a49752c68c063a0505747a8f2f7a
            source_path: skills/integrations/confluence-hierarchy/LICENSE
            spdx: MIT
          resolved_at: '2026-08-31T06:40:21.151821Z'
          version: 9cd07b2
  integrations/confluence-jira:
    provenance_digest: sha256:4b5e3c1f2829ceea2b82c1e5c44b56c4f23ef3edf408fffcd7fce67e40d77f28
    sources:
      upstream:
        path: skills/confluence-jira
        repository: grandcamel/Confluence-Assistant-Skills
        requested:
          ref: 9cd07b2070b9aa0f4c6a15690306101727efe94a
          type: commit
        resolved:
          body_checksum: sha256:d0e32dd674ade44b8608913347e5cd8a226cb758218f03a0bf929617d65236d4
          commit: 9cd07b2070b9aa0f4c6a15690306101727efe94a
          content_checksum: sha256:8a675277070d886ff7afbc2a461a9a223a72999076f57b112bb82ab1b208dea6
          license:
            checksum: sha256:6bf15666903fee51737d201dd1735a8edef0a49752c68c063a0505747a8f2f7a
            source_path: skills/integrations/confluence-jira/LICENSE
            spdx: MIT
          resolved_at: '2026-08-31T06:40:21.151821Z'
          version: 9cd07b2
  integrations/confluence-label:
    provenance_digest: sha256:cae108729c280edb75a5253864b3c80601abea40e237b87cd005fdc404199bd8
    sources:
      upstream:
        path: skills/confluence-label
        repository: grandcamel/Confluence-Assistant-Skills
        requested:
          ref: 796796686f22aa9e55da9fffa31a2863873d23f1
          type: commit
        resolved:
          body_checksum: sha256:8e005338cf4038f07ccb3b007645aa0c50fee296f87f450c604f961414322622
          commit: 796796686f22aa9e55da9fffa31a2863873d23f1
          content_checksum: sha256:e741e445c5cf16c612bd9dfaf71e18b191f23cf2a8cf8f27ef53a1454c6007bb
          license:
            checksum: sha256:6bf15666903fee51737d201dd1735a8edef0a49752c68c063a0505747a8f2f7a
            source_path: skills/integrations/confluence-label/LICENSE
            spdx: MIT
          resolved_at: '2026-08-31T06:40:21.151821Z'
          version: '7967966'
  integrations/confluence-ops:
    provenance_digest: sha256:f2f4c3b88f77414cb2193e14f49ce8e9192d81277fd30bb1ed42992a89039119
    sources:
      upstream:
        path: skills/confluence-ops
        repository: grandcamel/Confluence-Assistant-Skills
        requested:
          ref: 9cd07b2070b9aa0f4c6a15690306101727efe94a
          type: commit
        resolved:
          body_checksum: sha256:9219a10dddc1a29ff415b3d6acffbc339854f17e88ccd26ecb15f699e1138877
          commit: 9cd07b2070b9aa0f4c6a15690306101727efe94a
          content_checksum: sha256:7b7ed4cd8e031c6589ebfdb2511cd2b34d219c414c275f82944833f5d7e4a5b9
          license:
            checksum: sha256:6bf15666903fee51737d201dd1735a8edef0a49752c68c063a0505747a8f2f7a
            source_path: skills/integrations/confluence-ops/LICENSE
            spdx: MIT
          resolved_at: '2026-08-31T06:40:21.151821Z'
          version: 9cd07b2
  integrations/confluence-page:
    provenance_digest: sha256:e568adcfac444372a8c79be8935b2fb6935769b01d2410fb393521850d2ae48a
    sources:
      upstream:
        path: skills/confluence-page
        repository: grandcamel/Confluence-Assistant-Skills
        requested:
          ref: 9cd07b2070b9aa0f4c6a15690306101727efe94a
          type: commit
        resolved:
          body_checksum: sha256:8c628e6f047c12e75b94c7d80b78a9409f58799e35a5bc699f1b9954b8ecc780
          commit: 9cd07b2070b9aa0f4c6a15690306101727efe94a
          content_checksum: sha256:396c3aa5f35e7220bdadc9d36bdba53b879a576c36719aca5d6ee2e29d02f923
          license:
            checksum: sha256:6bf15666903fee51737d201dd1735a8edef0a49752c68c063a0505747a8f2f7a
            source_path: skills/integrations/confluence-page/LICENSE
            spdx: MIT
          resolved_at: '2026-08-31T06:40:21.151821Z'
          version: 9cd07b2
  integrations/confluence-permission:
    provenance_digest: sha256:3aafacb2155c4210958763943d7a8f1adeeec68d2ed074fbd556fa1da1c21a62
    sources:
      upstream:
        path: skills/confluence-permission
        repository: grandcamel/Confluence-Assistant-Skills
        requested:
          ref: 796796686f22aa9e55da9fffa31a2863873d23f1
          type: commit
        resolved:
          body_checksum: sha256:fc1f94e40caabbb857bb3fbff2de053566364c20bbaf1d9e6e9eb1d42d80fa0b
          commit: 796796686f22aa9e55da9fffa31a2863873d23f1
          content_checksum: sha256:666e1ede7154e46989532e7102f01a34cee0956d2de1f7bb09e3a1409b20b3ef
          license:
            checksum: sha256:6bf15666903fee51737d201dd1735a8edef0a49752c68c063a0505747a8f2f7a
            source_path: skills/integrations/confluence-permission/LICENSE
            spdx: MIT
          resolved_at: '2026-08-31T06:40:21.151821Z'
          version: '7967966'
  integrations/confluence-property:
    provenance_digest: sha256:88dbae0ef26d52f45fd93d47ded9624011d373e053aeb21360beaf675884ab3a
    sources:
      upstream:
        path: skills/confluence-property
        repository: grandcamel/Confluence-Assistant-Skills
        requested:
          ref: 796796686f22aa9e55da9fffa31a2863873d23f1
          type: commit
        resolved:
          body_checksum: sha256:11cba8ff0d5b927c27d066cfb996cc4935ba39cbc98306529a3d3e08187d783a
          commit: 796796686f22aa9e55da9fffa31a2863873d23f1
          content_checksum: sha256:64cb566a2cc474047c701981fe3929bb9ddeaba344baa5b4c8a3f777514503f2
          license:
            checksum: sha256:6bf15666903fee51737d201dd1735a8edef0a49752c68c063a0505747a8f2f7a
            source_path: skills/integrations/confluence-property/LICENSE
            spdx: MIT
          resolved_at: '2026-08-31T06:40:21.151821Z'
          version: '7967966'
  integrations/confluence-search:
    provenance_digest: sha256:a494b4bdf37dda50f81b04123845f0baf5a3220a26444c78b65d96695381a4cd
    sources:
      upstream:
        path: skills/confluence-search
        repository: grandcamel/Confluence-Assistant-Skills
        requested:
          ref: 9cd07b2070b9aa0f4c6a15690306101727efe94a
          type: commit
        resolved:
          body_checksum: sha256:2a1f2fc0d192084c17e8cc2d7c83a1eeaad3c03cbc8ba3b5e0cd3e0382352b05
          commit: 9cd07b2070b9aa0f4c6a15690306101727efe94a
          content_checksum: sha256:e25563a1bcd6ce52281483677b5b078cd29e2396e416540d160c803e384715f4
          license:
            checksum: sha256:6bf15666903fee51737d201dd1735a8edef0a49752c68c063a0505747a8f2f7a
            source_path: skills/integrations/confluence-search/LICENSE
            spdx: MIT
          resolved_at: '2026-08-31T06:40:21.151821Z'
          version: 9cd07b2
  integrations/confluence-space:
    provenance_digest: sha256:417f152e464f4582d2675c6f49d38258dd449ec8f8e408e1f378a1f86dd4aff9
    sources:
      upstream:
        path: skills/confluence-space
        repository: grandcamel/Confluence-Assistant-Skills
        requested:
          ref: 796796686f22aa9e55da9fffa31a2863873d23f1
          type: commit
        resolved:
          body_checksum: sha256:54ae98d3bcdab85daea426e015829655e3622764163479bac3b3444a48c239a2
          commit: 796796686f22aa9e55da9fffa31a2863873d23f1
          content_checksum: sha256:3c3be7a1492680c973374da5baf2ada51368605b3198f0595d12b272d8116064
          license:
            checksum: sha256:6bf15666903fee51737d201dd1735a8edef0a49752c68c063a0505747a8f2f7a
            source_path: skills/integrations/confluence-space/LICENSE
            spdx: MIT
          resolved_at: '2026-08-31T06:40:21.151821Z'
          version: '7967966'
  integrations/confluence-template:
    provenance_digest: sha256:69f3ffae572e5a86a17ba890cdb755a3f2d5a17488810466c8221d91787fe8d4
    sources:
      upstream:
        path: skills/confluence-template
        repository: grandcamel/Confluence-Assistant-Skills
        requested:
          ref: 9cd07b2070b9aa0f4c6a15690306101727efe94a
          type: commit
        resolved:
          body_checksum: sha256:15a8927b7ae4d64e670cd4be29e92760144cde7aac18f4dc5f6b005a9ab8b13e
          commit: 9cd07b2070b9aa0f4c6a15690306101727efe94a
          content_checksum: sha256:f7fa653791b15584791913bc837f3335b1bf2b53bd5b697475b2bf8fb1cc5814
          license:
            checksum: sha256:6bf15666903fee51737d201dd1735a8edef0a49752c68c063a0505747a8f2f7a
            source_path: skills/integrations/confluence-template/LICENSE
            spdx: MIT
          resolved_at: '2026-08-31T06:40:21.151821Z'
          version: 9cd07b2
  integrations/confluence-watch:
    provenance_digest: sha256:d113f6b140268bef7cd8950f9041737711754df7d4bc9c0061cdbed7bb1fa51f
    sources:
      upstream:
        path: skills/confluence-watch
        repository: grandcamel/Confluence-Assistant-Skills
        requested:
          ref: 796796686f22aa9e55da9fffa31a2863873d23f1
          type: commit
        resolved:
          body_checksum: sha256:52a87a02903150dbb15c23b54d8dff7221dab85f33aa09b90affc09191be78e6
          commit: 796796686f22aa9e55da9fffa31a2863873d23f1
          content_checksum: sha256:9d16198cfda48b95a37fcaaceb58a58e184f2733efaaf4dd9359541143dfe7c8
          license:
            checksum: sha256:6bf15666903fee51737d201dd1735a8edef0a49752c68c063a0505747a8f2f7a
            source_path: skills/integrations/confluence-watch/LICENSE
            spdx: MIT
          resolved_at: '2026-08-31T06:40:21.151821Z'
          version: '7967966'
  integrations/jira-administration:
    provenance_digest: sha256:58090b16c77f0094b07bfb2048940ea89e0cc4c05914559a8a8a2a99b0142cbf
    sources:
      upstream:
        path: skills/jira-admin
        repository: grandcamel/JIRA-Assistant-Skills
        requested:
          ref: dab794b74fd513df83bcec73822a4be982e6f13b
          type: commit
        resolved:
          body_checksum: sha256:19600da297b92b033e1ec50a5e23bec04ab1103066a96bd4efefe7ba898ec4e7
          commit: dab794b74fd513df83bcec73822a4be982e6f13b
          content_checksum: sha256:dcde3c37aa5ef4afba2a19a88882b04554458490f87213b8c5735b7048ff436c
          license:
            checksum: sha256:d921ba738025d2843edd84cf14940fa320516ac1c08785ae05fbcd4aa7c930f0
            source_path: skills/integrations/jira-administration/LICENSE
            spdx: MIT
          resolved_at: '2026-08-31T06:40:21.151821Z'
          version: dab794b
  integrations/jira-agile-management:
    provenance_digest: sha256:1ba20e6c242ff7a696cfbb9d35d2e148e44059e730549935b64eb8b2ff7d7d2d
    sources:
      upstream:
        path: skills/jira-agile
        repository: grandcamel/JIRA-Assistant-Skills
        requested:
          ref: dab794b74fd513df83bcec73822a4be982e6f13b
          type: commit
        resolved:
          body_checksum: sha256:6f96a3e00844c1120812f7e8cdc21f7dfa7be8402e7434e9aa9f5f7a38a5e4bc
          commit: dab794b74fd513df83bcec73822a4be982e6f13b
          content_checksum: sha256:15b300f0a6ee90693d032541594f2bd86511a651076f97838195e757164eccf6
          license:
            checksum: sha256:d921ba738025d2843edd84cf14940fa320516ac1c08785ae05fbcd4aa7c930f0
            source_path: skills/integrations/jira-agile-management/LICENSE
            spdx: MIT
          resolved_at: '2026-08-31T06:40:21.151821Z'
          version: dab794b
  integrations/jira-assistant:
    provenance_digest: sha256:5d72619df30f4048f9589684cfd9f43549c7464fdb98939abd387ee40ac5214d
    sources:
      upstream:
        path: skills/jira-assistant
        repository: grandcamel/JIRA-Assistant-Skills
        requested:
          ref: b3892a480940069d77e7bfb1a0551e80c4c00dd8
          type: commit
        resolved:
          body_checksum: sha256:8379f42884921047e17e38a71bc2cf84c3e34ea6c292adb3f221cea37f1558d9
          commit: b3892a480940069d77e7bfb1a0551e80c4c00dd8
          content_checksum: sha256:d417cfccff7b0f15c28e9c60218ce7f09d712867cabff626d9fd2adbeeb83311
          license:
            checksum: sha256:d921ba738025d2843edd84cf14940fa320516ac1c08785ae05fbcd4aa7c930f0
            source_path: skills/integrations/jira-assistant/LICENSE
            spdx: MIT
          resolved_at: '2026-08-31T06:40:21.151821Z'
          version: b3892a4
  integrations/jira-bulk-operations:
    provenance_digest: sha256:f95cbea74e8c8a32c5f21c822c5bdbeb3c81088e327eba215e91cfdbc7561b5c
    sources:
      upstream:
        path: skills/jira-bulk
        repository: grandcamel/JIRA-Assistant-Skills
        requested:
          ref: dab794b74fd513df83bcec73822a4be982e6f13b
          type: commit
        resolved:
          body_checksum: sha256:7195c8f7ad39f30501a9a3ec4521a575bc6e3f55d0bfa1da089f28581d901c82
          commit: dab794b74fd513df83bcec73822a4be982e6f13b
          content_checksum: sha256:61f453c42572089eae1be4e459d7e9be87c945bcc0201c1c8f6e2ade6f7f7880
          license:
            checksum: sha256:d921ba738025d2843edd84cf14940fa320516ac1c08785ae05fbcd4aa7c930f0
            source_path: skills/integrations/jira-bulk-operations/LICENSE
            spdx: MIT
          resolved_at: '2026-08-31T06:40:21.151821Z'
          version: dab794b
  integrations/jira-collaboration:
    provenance_digest: sha256:29e3447ecf459ba02f60f92d2b8f78b14edfdb7645da9eacd441a3516694fbe3
    sources:
      upstream:
        path: skills/jira-collaborate
        repository: grandcamel/JIRA-Assistant-Skills
        requested:
          ref: dab794b74fd513df83bcec73822a4be982e6f13b
          type: commit
        resolved:
          body_checksum: sha256:9cbcedc09355ac6606e220642fd318e94ae3bf5636f5334d7569f0953e2886b5
          commit: dab794b74fd513df83bcec73822a4be982e6f13b
          content_checksum: sha256:81121aca6c9cde597246938777d2d4923e7451a9efc1fb1acdaf6279c606ad99
          license:
            checksum: sha256:d921ba738025d2843edd84cf14940fa320516ac1c08785ae05fbcd4aa7c930f0
            source_path: skills/integrations/jira-collaboration/LICENSE
            spdx: MIT
          resolved_at: '2026-08-31T06:40:21.151821Z'
          version: dab794b
  integrations/jira-custom-fields:
    provenance_digest: sha256:030aebc0a26feb5dd1869110aa82853426423f99c2df1ae3473691f92cbe4b66
    sources:
      upstream:
        path: skills/jira-fields
        repository: grandcamel/JIRA-Assistant-Skills
        requested:
          ref: dab794b74fd513df83bcec73822a4be982e6f13b
          type: commit
        resolved:
          body_checksum: sha256:cf813a5fbc0946e740ff413211df846b2248c7b81bc8fcd4048f462d1018a8bc
          commit: dab794b74fd513df83bcec73822a4be982e6f13b
          content_checksum: sha256:888b39aff51c660d94406592555f56715c5f0d1662bc138d70297534d2cd1644
          license:
            checksum: sha256:d921ba738025d2843edd84cf14940fa320516ac1c08785ae05fbcd4aa7c930f0
            source_path: skills/integrations/jira-custom-fields/LICENSE
            spdx: MIT
          resolved_at: '2026-08-31T06:40:21.151821Z'
          version: dab794b
  integrations/jira-developer-integration:
    provenance_digest: sha256:bcbdf4e7072b4c5f6daf337a77d6c19115d2f943b255f20585a5eab2d1e32b61
    sources:
      upstream:
        path: skills/jira-dev
        repository: grandcamel/JIRA-Assistant-Skills
        requested:
          ref: b5837311ca3ae61ac56dab8fe9c0d9a4e075c092
          type: commit
        resolved:
          body_checksum: sha256:7f4da14df6c38abe4992ad3f9da916214da8d5fcc7903862417a44ad6959a141
          commit: b5837311ca3ae61ac56dab8fe9c0d9a4e075c092
          content_checksum: sha256:c20fc0a9eafa102dec1ab9aae36613269acce5d190d8bab18cb423386d494555
          license:
            checksum: sha256:d921ba738025d2843edd84cf14940fa320516ac1c08785ae05fbcd4aa7c930f0
            source_path: skills/integrations/jira-developer-integration/LICENSE
            spdx: MIT
          resolved_at: '2026-08-26T16:34:43.325111Z'
  integrations/jira-issue-management:
    provenance_digest: sha256:795ad6dfeb6db0e28036432f07c304a356cb9b4c9bac25a43eddb070b61fc1e1
    sources:
      upstream:
        path: skills/jira-issue
        repository: grandcamel/JIRA-Assistant-Skills
        requested:
          ref: b5837311ca3ae61ac56dab8fe9c0d9a4e075c092
          type: commit
        resolved:
          body_checksum: sha256:e69ff12b992bf4ff3cb1a37797dbb9955110e6119cd263e332b87bad6b95d98b
          commit: b5837311ca3ae61ac56dab8fe9c0d9a4e075c092
          content_checksum: sha256:28276e5822b03a31c84610de2778a340e63e8b035506245406fd264aea3dabc5
          license:
            checksum: sha256:d921ba738025d2843edd84cf14940fa320516ac1c08785ae05fbcd4aa7c930f0
            source_path: skills/integrations/jira-issue-management/LICENSE
            spdx: MIT
          resolved_at: '2026-08-26T16:34:43.325111Z'
  integrations/jira-issue-relationships:
    provenance_digest: sha256:d3b9f0edfb0f2523ab53e95f348d06f3e2fc0b511cf568653bb42203f881d801
    sources:
      upstream:
        path: skills/jira-relationships
        repository: grandcamel/JIRA-Assistant-Skills
        requested:
          ref: dab794b74fd513df83bcec73822a4be982e6f13b
          type: commit
        resolved:
          body_checksum: sha256:f4bf2d3dedad47be7d027d6ef71f0e138c34866e3bcae0f30d2b7b6c9d56b4a1
          commit: dab794b74fd513df83bcec73822a4be982e6f13b
          content_checksum: sha256:ceb19713233cdcda21733c8608f9b7565666143d862e31ff423265610a93cc6b
          license:
            checksum: sha256:d921ba738025d2843edd84cf14940fa320516ac1c08785ae05fbcd4aa7c930f0
            source_path: skills/integrations/jira-issue-relationships/LICENSE
            spdx: MIT
          resolved_at: '2026-08-31T06:40:21.151821Z'
          version: dab794b
  integrations/jira-lifecycle-management:
    provenance_digest: sha256:cbb4c1f81a54692a5a3d3fa02edc2f17650885a7f27662557239949a34375dda
    sources:
      upstream:
        path: skills/jira-lifecycle
        repository: grandcamel/JIRA-Assistant-Skills
        requested:
          ref: dab794b74fd513df83bcec73822a4be982e6f13b
          type: commit
        resolved:
          body_checksum: sha256:ef440bc32a7813a4cfa930dfd426a66de50a3cbbf2c8c3ff2decb682685f6b16
          commit: dab794b74fd513df83bcec73822a4be982e6f13b
          content_checksum: sha256:dd75672a261dd415114c699d266db4ce768c1c6fec76adb856252b7c71950ac2
          license:
            checksum: sha256:d921ba738025d2843edd84cf14940fa320516ac1c08785ae05fbcd4aa7c930f0
            source_path: skills/integrations/jira-lifecycle-management/LICENSE
            spdx: MIT
          resolved_at: '2026-08-31T06:40:21.151821Z'
          version: dab794b
  integrations/jira-operations:
    provenance_digest: sha256:1978b40f2b5122ec827fdddf281348eabfea8e2b0cad29cde0151194895ecef8
    sources:
      upstream:
        path: skills/jira-ops
        repository: grandcamel/JIRA-Assistant-Skills
        requested:
          ref: dab794b74fd513df83bcec73822a4be982e6f13b
          type: commit
        resolved:
          body_checksum: sha256:3826b8cb000de454fb6bbb474b46d760a2df89bdae30098130e0cd3555f2fc0a
          commit: dab794b74fd513df83bcec73822a4be982e6f13b
          content_checksum: sha256:fffd01f0a54b569f6792a42bb29b4cd3dbbe61a25f720e9e68016a56527933ac
          license:
            checksum: sha256:d921ba738025d2843edd84cf14940fa320516ac1c08785ae05fbcd4aa7c930f0
            source_path: skills/integrations/jira-operations/LICENSE
            spdx: MIT
          resolved_at: '2026-08-31T06:40:21.151821Z'
          version: dab794b
  integrations/jira-search-jql:
    provenance_digest: sha256:594109f6fd4eaf0e14253db17fba1a37ec25d7d466898b622115226c608064c4
    sources:
      upstream:
        path: skills/jira-search
        repository: grandcamel/JIRA-Assistant-Skills
        requested:
          ref: b5837311ca3ae61ac56dab8fe9c0d9a4e075c092
          type: commit
        resolved:
          body_checksum: sha256:db0f323245a7218d4a563c55152b2b35201a821d0c798d399c398e6cf41e7413
          commit: b5837311ca3ae61ac56dab8fe9c0d9a4e075c092
          content_checksum: sha256:7e3faffa6f75e72b5289219e572af64dbb1ff43f392e7dbd821ea00adc55ccac
          license:
            checksum: sha256:d921ba738025d2843edd84cf14940fa320516ac1c08785ae05fbcd4aa7c930f0
            source_path: skills/integrations/jira-search-jql/LICENSE
            spdx: MIT
          resolved_at: '2026-08-26T16:34:43.325111Z'
  integrations/jira-service-management:
    provenance_digest: sha256:2cae1523b0a103f1594a9d11f8dbb6cbe20e877e7521c1c29fcde5729e62ed02
    sources:
      upstream:
        path: skills/jira-jsm
        repository: grandcamel/JIRA-Assistant-Skills
        requested:
          ref: dab794b74fd513df83bcec73822a4be982e6f13b
          type: commit
        resolved:
          body_checksum: sha256:e7bdf53f466e3a6a2df93863be8b5fe7ac580a783819286be3c10321a1fec5b8
          commit: dab794b74fd513df83bcec73822a4be982e6f13b
          content_checksum: sha256:4e7061c9e1ff409e79ddb314cc6489523d37271fc7837c21c9b031154d4ac18a
          license:
            checksum: sha256:d921ba738025d2843edd84cf14940fa320516ac1c08785ae05fbcd4aa7c930f0
            source_path: skills/integrations/jira-service-management/LICENSE
            spdx: MIT
          resolved_at: '2026-08-31T06:40:21.151821Z'
          version: dab794b
  integrations/jira-time-tracking:
    provenance_digest: sha256:7a26093bd66280f239b14d9ad947dac2dc97b47101521120058f5916e3d1ea87
    sources:
      upstream:
        path: skills/jira-time
        repository: grandcamel/JIRA-Assistant-Skills
        requested:
          ref: b5837311ca3ae61ac56dab8fe9c0d9a4e075c092
          type: commit
        resolved:
          body_checksum: sha256:c613884e01d3761d296d93513b7bacbca02db46ae8a29090d1a42ac24da72960
          commit: b5837311ca3ae61ac56dab8fe9c0d9a4e075c092
          content_checksum: sha256:1c7333c108abaac36b18a676a27f4a93376289a7dad0f380b28b0d7f7bfb4a90
          license:
            checksum: sha256:d921ba738025d2843edd84cf14940fa320516ac1c08785ae05fbcd4aa7c930f0
            source_path: skills/integrations/jira-time-tracking/LICENSE
            spdx: MIT
          resolved_at: '2026-08-26T16:34:43.325111Z'
  quality/blast-radius:
    provenance_digest: sha256:9544092db72820a44103b614ef29abf7d11d079d437765698c5b4d5d36f8b68c
    sources:
      upstream:
        path: pstack/skills/blast-radius
        repository: cursor/plugins
        requested:
          ref: e46364b8be46000b7df0f260550cd712afbb8d36
          type: commit
        resolved:
          body_checksum: sha256:d52283c3ef18003fd7927fc31b0f88389b396cbcb93aefc846b00d570cf90a9c
          commit: e46364b8be46000b7df0f260550cd712afbb8d36
          content_checksum: sha256:8a0ee99321741f511fd48e713ed464c0e0ea82a3130340d7b70ddb945f53efd2
          license:
            checksum: sha256:bc957ca6bee02792566a1a028d105e02e247c6e77cf057061674273da77b200e
            source_path: skills/quality/blast-radius/LICENSE
            spdx: MIT
          resolved_at: '2026-08-31T06:40:21.151821Z'
          version: e46364b
  quality/deslop:
    provenance_digest: sha256:0b7b364a670a5cb81ed30790faead5d43e9fadf0c8ba472f56a0dcde3383887b
    sources:
      upstream:
        path: cursor-team-kit/skills/deslop
        repository: cursor/plugins
        requested:
          ref: b21ab167c8d6aad6e4d91bc0de429eedd49665ed
          type: commit
        resolved:
          body_checksum: sha256:d40e71977da3326f996903185a7337c40ec00a38dde68db96603d9cef5f891b3
          commit: b21ab167c8d6aad6e4d91bc0de429eedd49665ed
          content_checksum: sha256:29089f45390a7472a714c8ec5968d621489affcb4c568d22bb388ea9e1a04b50
          license:
            checksum: sha256:702f5f331b56aff0e33d8c7826df5202559f894145eb70355c6477b55b5bb8a0
            source_path: skills/quality/deslop/LICENSE
            spdx: MIT
          resolved_at: '2026-08-31T06:40:21.151821Z'
          version: b21ab16
  quality/megalinter:
    provenance_digest: sha256:8b16ee6b8b06d23c052b473cd5fee724b51e245891a276912b9a522b4be21ca4
    sources:
      orchestrator:
        path: skills/megalinter
        repository: oxsecurity/megalinter
        requested:
          ref: v10.0.0
          type: tag
        resolved:
          body_checksum: sha256:ccf08325b78ee5208938b16904269fab7310a373f2c24dcf13464441ed18fa0d
          commit: 15e5b45552097e318c93de385779ce3b1084052c
          content_checksum: sha256:4f7382fafee6b6dd634b8cbeb297d325c730fdb06734dfe8735b97a92feb4921
          license:
            checksum: sha256:0d96a4ff68ad6d4b6f1f30f713b18d5184912ba8dd389f86aa7710db079abcb0
            source_path: skills/quality/megalinter/LICENSE
            spdx: AGPL-3.0
          resolved_at: '2026-08-14T18:56:03.313181Z'
          version: v10.0.0
  quality/megalinter-check:
    provenance_digest: sha256:97d6d7aae49cce61bf82c11ab768c0b471ff19a45aa6eb550905a8d6424f2c62
    sources:
      check:
        path: skills/megalinter-check
        repository: oxsecurity/megalinter
        requested:
          ref: v10.0.0
          type: tag
        resolved:
          body_checksum: sha256:431e8b0540930dd21ceae6c9a4cdecf601c5659ce33acc47fc4062ce532cbb1f
          commit: 15e5b45552097e318c93de385779ce3b1084052c
          content_checksum: sha256:9cf3f48b752441e9c9871346a17f2d756c478d887ebd24354d486d7713b10f15
          license:
            checksum: sha256:0d96a4ff68ad6d4b6f1f30f713b18d5184912ba8dd389f86aa7710db079abcb0
            source_path: skills/quality/megalinter-check/LICENSE
            spdx: AGPL-3.0
          resolved_at: '2026-08-14T18:56:03.313181Z'
          version: v10.0.0
  quality/megalinter-fix:
    provenance_digest: sha256:94613e9a4254b92a8f8fe16ca0cec93c8df1be7051c89c58713c6012aa89aa65
    sources:
      fix:
        path: skills/megalinter-fix
        repository: oxsecurity/megalinter
        requested:
          ref: v10.0.0
          type: tag
        resolved:
          body_checksum: sha256:29f117edfd6c9d1183c8e7b42e8faa1a6e2913fd3603ca1d90d4b90d05eb74be
          commit: 15e5b45552097e318c93de385779ce3b1084052c
          content_checksum: sha256:6e98390309aa260edc212aeaf1685699e5b1d71d83c24e308b569279b6cd44c1
          license:
            checksum: sha256:0d96a4ff68ad6d4b6f1f30f713b18d5184912ba8dd389f86aa7710db079abcb0
            source_path: skills/quality/megalinter-fix/LICENSE
            spdx: AGPL-3.0
          resolved_at: '2026-08-14T18:56:03.313181Z'
          version: v10.0.0
  quality/megalinter-setup:
    provenance_digest: sha256:e0a6d7e0fe28b92c342cd15cdf80e316c92e08cbb858685171b93a4ba4f09e71
    sources:
      setup:
        path: skills/megalinter-setup
        repository: oxsecurity/megalinter
        requested:
          ref: v10.0.0
          type: tag
        resolved:
          body_checksum: sha256:cd56c6291f261fd21df8a34671158644492e942a0000cc9e87284648a5362306
          commit: 15e5b45552097e318c93de385779ce3b1084052c
          content_checksum: sha256:efc32ea277f7ef6dadb470cb14b13115a719eef98669a79db6eed08bc0576e06
          license:
            checksum: sha256:0d96a4ff68ad6d4b6f1f30f713b18d5184912ba8dd389f86aa7710db079abcb0
            source_path: skills/quality/megalinter-setup/LICENSE
            spdx: AGPL-3.0
          resolved_at: '2026-08-14T18:56:03.313181Z'
          version: v10.0.0
  quality/unslop:
    provenance_digest: sha256:ace4b7a3af381a87b588aca54b7f62d85bcc79f89257ad37f2f07988979c8295
    sources:
      upstream:
        path: pstack/skills/unslop
        repository: cursor/plugins
        requested:
          ref: 99559f2f52047978602ef365589275831e76af07
          type: commit
        resolved:
          body_checksum: sha256:6003a6a58d0c47a105256f5f0a225703574aa8ecfc404aed8757a6fcae3d97c1
          commit: 99559f2f52047978602ef365589275831e76af07
          content_checksum: sha256:afb8a7ee1aff94873dff892fa00c0b61f0e2a31d56c17562e6c082749883c462
          license:
            checksum: sha256:bc957ca6bee02792566a1a028d105e02e247c6e77cf057061674273da77b200e
            source_path: skills/quality/unslop/LICENSE
            spdx: MIT
          resolved_at: '2026-08-31T06:40:21.151821Z'
          version: 99559f2
  tooling/cli-for-agents:
    provenance_digest: sha256:a16b391d7353b2f41840a0c155336c4ac0096392490fd203b1eef3fee587cdb0
    sources:
      upstream:
        path: cli-for-agent/skills/cli-for-agents
        repository: cursor/plugins
        requested:
          ref: 26a1497493298e36d8bf39208a57bb59252a811e
          type: commit
        resolved:
          body_checksum: sha256:ba559d5f67ab0ea98d5d2668581ebadba3d160cc96fda0e6a3ad1f13bd8c0b60
          commit: 26a1497493298e36d8bf39208a57bb59252a811e
          content_checksum: sha256:c6679ca84ff0aecda79a72f1381e376b7b9f211a02561246a6a8c68b68a3efc4
          license:
            checksum: sha256:702f5f331b56aff0e33d8c7826df5202559f894145eb70355c6477b55b5bb8a0
            source_path: skills/tooling/cli-for-agents/LICENSE
            spdx: MIT
          resolved_at: '2026-08-31T06:40:21.151821Z'
          version: 26a1497
version: 2
