capabilities:
  design/frontend-design:
    provenance_digest: sha256:a58fd159210cf5773748b973cbda5dcdb0bb04c42b47422b19ec523bb880f748
    sources:
      upstream:
        path: skills/frontend-design
        repository: anthropics/skills
        requested:
          ref: f17010c9bb483898c1d9c9f42dde2b3a98889434
          type: commit
        resolved:
          body_checksum: sha256:0df36fd5b075c15a2948a233edfb5ada7ffe34309ada32b2fd6d248522a4e9a7
          commit: f17010c9bb483898c1d9c9f42dde2b3a98889434
          content_checksum: sha256:31aae178b8fb590f608a2524687934594607ddd995535d5571c988f1c951ffb9
          license:
            checksum: sha256:0d542e0c8804e39aa7f37eb00da5a762149dc682d7829451287e11b938e94594
            source_path: skills/design/frontend-design/LICENSE.txt
            spdx: Apache-2.0
          resolved_at: '2026-08-14T18:56:03.313181Z'
          version: f17010c
  design/frontend-design-review:
    provenance_digest: sha256:73a3738779cb374d505c889bddb8fbb0020a42a6f428a74fdd7990d6550d01bf
    sources:
      upstream:
        path: .github/skills/frontend-design-review
        repository: microsoft/skills
        requested:
          ref: e58528db9a006528a5fb0a2c029790fa6a9a7c0e
          type: commit
        resolved:
          body_checksum: sha256:13029dfb9274aac92db5869c5977ff4923af1f213ab9571cd4f0b701829c1a78
          commit: e58528db9a006528a5fb0a2c029790fa6a9a7c0e
          content_checksum: sha256:9e6b4ccf09d56866875e86463643b654484751536aabd7558f307cfa032455cc
          license:
            checksum: sha256:d9a1b1e30d633d5732ea18e3cba9538d293ebc53e1a9e4e96ab739e0c5c4f1cb
            source_path: skills/design/frontend-design-review/LICENSE
            spdx: MIT
          resolved_at: '2026-08-14T18:56:03.313181Z'
          version: e58528d
  design/web-design-guidelines:
    provenance_digest: sha256:9803737469498d520b8c06994dec3142b0e5a2db48fe8edbf8f7fe61cfcae2d9
    sources:
      rules:
        path: command.md
        repository: vercel-labs/web-interface-guidelines
        requested:
          ref: e3d624baaf29dc1fc645aff3e38f03e564d2d6b1
          type: commit
        resolved:
          body_checksum: sha256:5a775e6411f790f518dbc9c1fa7c50a89e6873502d9a3530a6eb223a590bcfe8
          commit: e3d624baaf29dc1fc645aff3e38f03e564d2d6b1
          content_checksum: sha256:5a775e6411f790f518dbc9c1fa7c50a89e6873502d9a3530a6eb223a590bcfe8
          license:
            checksum: sha256:6cd1609c9c12233507cdd2ce0d32e9a721e3c27494951be06b90090deeeb7af2
            source_path: skills/design/web-design-guidelines/references/LICENSE
            spdx: MIT
          resolved_at: '2026-08-26T00:22:55.556053Z'
      wrapper:
        path: skills/web-design-guidelines
        repository: vercel-labs/agent-skills
        requested:
          ref: 7c180d9044c9ae2b442b567aad4e42a28dd5ed62
          type: commit
        resolved:
          body_checksum: sha256:17d7239c9233292386c96805dd2182708e594b0a6bec9c385fb201b3e5977b3f
          commit: 7c180d9044c9ae2b442b567aad4e42a28dd5ed62
          content_checksum: sha256:27b9d72c7695d33f642dadfcaa1156ab5ca960da7c93aac1283b27ab337613bb
          license:
            spdx: NOASSERTION
          resolved_at: '2026-08-26T00:22:55.556053Z'
  quality/blast-radius:
    provenance_digest: sha256:672544bad541446f8de290191079a6fbcd009d5e07393126b20cc9101aa107d1
    sources:
      upstream:
        path: pstack/skills/blast-radius
        repository: cursor/plugins
        requested:
          ref: 60c641e4fad674784b30abcf9f8915dea39df38d
          type: commit
        resolved:
          body_checksum: sha256:d52283c3ef18003fd7927fc31b0f88389b396cbcb93aefc846b00d570cf90a9c
          commit: 60c641e4fad674784b30abcf9f8915dea39df38d
          content_checksum: sha256:978d27ec9a82e570511cb5bd0503ae5451f1cf9b3a5c87f14fbd5085aaa01350
          license:
            checksum: sha256:bc957ca6bee02792566a1a028d105e02e247c6e77cf057061674273da77b200e
            source_path: skills/quality/blast-radius/LICENSE
            spdx: MIT
          resolved_at: '2026-08-19T06:48:31.471103Z'
  quality/deslop:
    provenance_digest: sha256:7b61bbc5400565b3da44417658b7f6be1c0104f9f216b0a6965345293f8bd130
    sources:
      upstream:
        path: cursor-team-kit/skills/deslop
        repository: cursor/plugins
        requested:
          ref: 60c641e4fad674784b30abcf9f8915dea39df38d
          type: commit
        resolved:
          body_checksum: sha256:2d8979b16620fd27c6034554afafcf133b76c172a4e0061500d2959baa18603d
          commit: 60c641e4fad674784b30abcf9f8915dea39df38d
          content_checksum: sha256:d94afacd406d42d0badf0e76a85ef1f6e3628f60ae1c23f77303d3ca6974b3f0
          license:
            checksum: sha256:702f5f331b56aff0e33d8c7826df5202559f894145eb70355c6477b55b5bb8a0
            source_path: skills/quality/deslop/LICENSE
            spdx: MIT
          resolved_at: '2026-08-19T16:08:49.669596Z'
  quality/megalinter:
    provenance_digest: sha256:8b16ee6b8b06d23c052b473cd5fee724b51e245891a276912b9a522b4be21ca4
    sources:
      orchestrator:
        path: skills/megalinter
        repository: oxsecurity/megalinter
        requested:
          ref: v10.0.0
          type: tag
        resolved:
          body_checksum: sha256:ccf08325b78ee5208938b16904269fab7310a373f2c24dcf13464441ed18fa0d
          commit: 15e5b45552097e318c93de385779ce3b1084052c
          content_checksum: sha256:4f7382fafee6b6dd634b8cbeb297d325c730fdb06734dfe8735b97a92feb4921
          license:
            checksum: sha256:0d96a4ff68ad6d4b6f1f30f713b18d5184912ba8dd389f86aa7710db079abcb0
            source_path: skills/quality/megalinter/LICENSE
            spdx: AGPL-3.0
          resolved_at: '2026-08-14T18:56:03.313181Z'
          version: v10.0.0
  quality/megalinter-check:
    provenance_digest: sha256:97d6d7aae49cce61bf82c11ab768c0b471ff19a45aa6eb550905a8d6424f2c62
    sources:
      check:
        path: skills/megalinter-check
        repository: oxsecurity/megalinter
        requested:
          ref: v10.0.0
          type: tag
        resolved:
          body_checksum: sha256:431e8b0540930dd21ceae6c9a4cdecf601c5659ce33acc47fc4062ce532cbb1f
          commit: 15e5b45552097e318c93de385779ce3b1084052c
          content_checksum: sha256:9cf3f48b752441e9c9871346a17f2d756c478d887ebd24354d486d7713b10f15
          license:
            checksum: sha256:0d96a4ff68ad6d4b6f1f30f713b18d5184912ba8dd389f86aa7710db079abcb0
            source_path: skills/quality/megalinter-check/LICENSE
            spdx: AGPL-3.0
          resolved_at: '2026-08-14T18:56:03.313181Z'
          version: v10.0.0
  quality/megalinter-fix:
    provenance_digest: sha256:94613e9a4254b92a8f8fe16ca0cec93c8df1be7051c89c58713c6012aa89aa65
    sources:
      fix:
        path: skills/megalinter-fix
        repository: oxsecurity/megalinter
        requested:
          ref: v10.0.0
          type: tag
        resolved:
          body_checksum: sha256:29f117edfd6c9d1183c8e7b42e8faa1a6e2913fd3603ca1d90d4b90d05eb74be
          commit: 15e5b45552097e318c93de385779ce3b1084052c
          content_checksum: sha256:6e98390309aa260edc212aeaf1685699e5b1d71d83c24e308b569279b6cd44c1
          license:
            checksum: sha256:0d96a4ff68ad6d4b6f1f30f713b18d5184912ba8dd389f86aa7710db079abcb0
            source_path: skills/quality/megalinter-fix/LICENSE
            spdx: AGPL-3.0
          resolved_at: '2026-08-14T18:56:03.313181Z'
          version: v10.0.0
  quality/megalinter-setup:
    provenance_digest: sha256:e0a6d7e0fe28b92c342cd15cdf80e316c92e08cbb858685171b93a4ba4f09e71
    sources:
      setup:
        path: skills/megalinter-setup
        repository: oxsecurity/megalinter
        requested:
          ref: v10.0.0
          type: tag
        resolved:
          body_checksum: sha256:cd56c6291f261fd21df8a34671158644492e942a0000cc9e87284648a5362306
          commit: 15e5b45552097e318c93de385779ce3b1084052c
          content_checksum: sha256:efc32ea277f7ef6dadb470cb14b13115a719eef98669a79db6eed08bc0576e06
          license:
            checksum: sha256:0d96a4ff68ad6d4b6f1f30f713b18d5184912ba8dd389f86aa7710db079abcb0
            source_path: skills/quality/megalinter-setup/LICENSE
            spdx: AGPL-3.0
          resolved_at: '2026-08-14T18:56:03.313181Z'
          version: v10.0.0
  quality/unslop:
    provenance_digest: sha256:81344bee0dcaeef8acb4f8f19e5e781c27020c0dd18d4e27cba092768cc47bc8
    sources:
      upstream:
        path: pstack/skills/unslop
        repository: cursor/plugins
        requested:
          ref: 60c641e4fad674784b30abcf9f8915dea39df38d
          type: commit
        resolved:
          body_checksum: sha256:6003a6a58d0c47a105256f5f0a225703574aa8ecfc404aed8757a6fcae3d97c1
          commit: 60c641e4fad674784b30abcf9f8915dea39df38d
          content_checksum: sha256:9fc9ee197ccaf22f6bf091411050c81b34dcc311e43b5bede799b3d9c2446ca6
          license:
            checksum: sha256:bc957ca6bee02792566a1a028d105e02e247c6e77cf057061674273da77b200e
            source_path: skills/quality/unslop/LICENSE
            spdx: MIT
          resolved_at: '2026-08-19T05:33:45.120477Z'
  tooling/cli-for-agents:
    provenance_digest: sha256:8a04cbe405bced60ca66cc792a51dca4d2991f094d21ec0997ad85911212d3be
    sources:
      upstream:
        path: cli-for-agent/skills/cli-for-agents
        repository: cursor/plugins
        requested:
          ref: 60c641e4fad674784b30abcf9f8915dea39df38d
          type: commit
        resolved:
          body_checksum: sha256:2209fe1d8853f769c5e5b1385788d3d3ee0a790caa82fe0544c8a648e380bca9
          commit: 60c641e4fad674784b30abcf9f8915dea39df38d
          content_checksum: sha256:f80e1e61532df792fdd05b1eec6d4bfa0d677377b33a16106655c93850ed1d85
          license:
            checksum: sha256:702f5f331b56aff0e33d8c7826df5202559f894145eb70355c6477b55b5bb8a0
            source_path: skills/tooling/cli-for-agents/LICENSE
            spdx: MIT
          resolved_at: '2026-08-21T03:22:56.753015Z'
version: 2
